
Microsoft Visual Studio Solution File, Format Version 12.00
# Visual Studio Version 16
VisualStudioVersion = 16.0.31729.503
MinimumVisualStudioVersion = 10.0.40219.1
Project("{FAE04EC0-301F-11D3-BF4B-00C04F79EFBC}") = "lab 7", "lab 7\lab 7.csproj", "{52CD0828-ACA9-4459-88E7-EFD378EE7A5A}"
EndProject
Global
	GlobalSection(SolutionConfigurationPlatforms) = preSolution
		Debug|Any CPU = Debug|Any CPU
		Release|Any CPU = Release|Any CPU
	EndGlobalSection
	GlobalSection(ProjectConfigurationPlatforms) = postSolution
		{52CD0828-ACA9-4459-88E7-EFD378EE7A5A}.Debug|Any CPU.ActiveCfg = Debug|Any CPU
		{52CD0828-ACA9-4459-88E7-EFD378EE7A5A}.Debug|Any CPU.Build.0 = Debug|Any CPU
		{52CD0828-ACA9-4459-88E7-EFD378EE7A5A}.Release|Any CPU.ActiveCfg = Release|Any CPU
		{52CD0828-ACA9-4459-88E7-EFD378EE7A5A}.Release|Any CPU.Build.0 = Release|Any CPU
	EndGlobalSection
	GlobalSection(SolutionProperties) = preSolution
		HideSolutionNode = FALSE
	EndGlobalSection
	GlobalSection(ExtensibilityGlobals) = postSolution
		SolutionGuid = {C9F10B26-8907-441D-9118-0D58FA170D9D}
	EndGlobalSection
EndGlobal
